{
    "_meta": {
        "hash": {
            "sha256": "2f37d5068dd64741c22c34bc4905cae4d79adfbfc63cb211cfd92e9742e8f992"
        },
        "pipfile-spec": 6,
        "requires": {
            "python_version": "3.9"
        },
        "sources": [
            {
                "name": "pypi",
                "url": "https://pypi.python.org/simple",
                "verify_ssl": true
            }
        ]
    },
    "default": {
        "click": {
            "hashes": [
                "sha256:6a7a62563bbfabfda3a38f3023a1db4a35978c0abd76f6c9605ecd6554d6d9b1",
                "sha256:8458d7b1287c5fb128c90e23381cf99dcde74beaf6c7ff6384ce84d6fe090adb"
            ],
            "version": "==8.0.4"
        },
        "textdistance": {
            "hashes": [
                "sha256:a43bb6f71dcccd3fc2060065c9513a7927879680512889749fd1fd800c4bad8e",
                "sha256:b278ad944525e5beb117af90d72d579225eb2d20b26f78d4c13fd96514174d98"
            ],
            "index": "pypi",
            "version": "==4.2.2"
        },
        "typer": {
            "hashes": [
                "sha256:63c3aeab0549750ffe40da79a1b524f60e08a2cbc3126c520ebf2eeaf507f5dd",
                "sha256:d81169725140423d072df464cad1ff25ee154ef381aaf5b8225352ea187ca338"
            ],
            "index": "pypi",
            "version": "==0.4.0"
        }
    },
    "develop": {}
}
